
Microsoft Visual Studio Solution File, Format Version 12.00
# Visual Studio Version 17
VisualStudioVersion = 17.9.34723.18
MinimumVisualStudioVersion = 10.0.40219.1
Project("{FAE04EC0-301F-11D3-BF4B-00C04F79EFBC}") = "BB.Server", "BB.Server\BB.Server.csproj", "{58364BB5-0D68-4DDB-AD0A-427A22D8E556}"
EndProject
Project("{54A90642-561A-4BB1-A94E-469ADEE60C69}") = "bb.client", "bb.client\bb.client.esproj", "{3F6280C4-DE22-462D-8210-54FBAADB11DD}"
EndProject
Global
	GlobalSection(SolutionConfigurationPlatforms) = preSolution
		Debug|Any CPU = Debug|Any CPU
		Release|Any CPU = Release|Any CPU
	EndGlobalSection
	GlobalSection(ProjectConfigurationPlatforms) = postSolution
		{58364BB5-0D68-4DDB-AD0A-427A22D8E556}.Debug|Any CPU.ActiveCfg = Debug|Any CPU
		{58364BB5-0D68-4DDB-AD0A-427A22D8E556}.Debug|Any CPU.Build.0 = Debug|Any CPU
		{58364BB5-0D68-4DDB-AD0A-427A22D8E556}.Release|Any CPU.ActiveCfg = Release|Any CPU
		{58364BB5-0D68-4DDB-AD0A-427A22D8E556}.Release|Any CPU.Build.0 = Release|Any CPU
		{3F6280C4-DE22-462D-8210-54FBAADB11DD}.Debug|Any CPU.ActiveCfg = Debug|Any CPU
		{3F6280C4-DE22-462D-8210-54FBAADB11DD}.Debug|Any CPU.Build.0 = Debug|Any CPU
		{3F6280C4-DE22-462D-8210-54FBAADB11DD}.Debug|Any CPU.Deploy.0 = Debug|Any CPU
		{3F6280C4-DE22-462D-8210-54FBAADB11DD}.Release|Any CPU.ActiveCfg = Release|Any CPU
		{3F6280C4-DE22-462D-8210-54FBAADB11DD}.Release|Any CPU.Build.0 = Release|Any CPU
		{3F6280C4-DE22-462D-8210-54FBAADB11DD}.Release|Any CPU.Deploy.0 = Release|Any CPU
	EndGlobalSection
	GlobalSection(SolutionProperties) = preSolution
		HideSolutionNode = FALSE
	EndGlobalSection
	GlobalSection(ExtensibilityGlobals) = postSolution
		SolutionGuid = {943FF727-C352-4FBC-A056-23FE6E4F9F8C}
	EndGlobalSection
EndGlobal
